
Microsoft Visual Studio Solution File, Format Version 12.00
# Visual Studio 15
VisualStudioVersion = 15.0.28307.168
MinimumVisualStudioVersion = 10.0.40219.1
Project("{9A19103F-16F7-4668-BE54-9A1E7A4F7556}") = "ScalableWeb.Diff.Api", "ScalableWeb.Diff\ScalableWeb.Diff.Api.csproj", "{B14A48DD-19EC-40BB-BD97-14BCAB7F5010}"
EndProject
Project("{9A19103F-16F7-4668-BE54-9A1E7A4F7556}") = "ScalableWeb.Diff.Service", "ScalableWe.Diff.Application\ScalableWeb.Diff.Service.csproj", "{0E8D97C8-AE89-4C82-A6FA-AA25797773E0}"
EndProject
Project("{9A19103F-16F7-4668-BE54-9A1E7A4F7556}") = "ScalableWeb.Diff.Model", "ScalableWeb.Diff.Model\ScalableWeb.Diff.Model.csproj", "{D4915467-0FB7-48E0-A107-2517D837DA26}"
EndProject
Project("{2150E333-8FDC-42A3-9474-1A3956D46DE8}") = "src", "src", "{A3DE730E-636A-4D6E-9B8A-D44E0366D900}"
EndProject
Project("{2150E333-8FDC-42A3-9474-1A3956D46DE8}") = "test", "test", "{AF985591-E0E6-4C10-8E05-0BEFF609D9DF}"
EndProject
Project("{FAE04EC0-301F-11D3-BF4B-00C04F79EFBC}") = "ScalableWeb.Diff.IntegrationTest", "ScalableWeb.Diff.Test\ScalableWeb.Diff.IntegrationTest.csproj", "{BABC645F-B508-42CD-A8DC-A7BAD1641D7A}"
EndProject
Project("{FAE04EC0-301F-11D3-BF4B-00C04F79EFBC}") = "ScalableWeb.Diff.Data.Acess", "ScalableWeb.Diff.Data.Acess\ScalableWeb.Diff.Data.Acess.csproj", "{BDB4674C-22C1-4153-AF2F-7530C991FB45}"
EndProject
Global
	GlobalSection(SolutionConfigurationPlatforms) = preSolution
		Debug|Any CPU = Debug|Any CPU
		Debug|ARM = Debug|ARM
		Debug|ARM64 = Debug|ARM64
		Debug|x64 = Debug|x64
		Debug|x86 = Debug|x86
		Release|Any CPU = Release|Any CPU
		Release|ARM = Release|ARM
		Release|ARM64 = Release|ARM64
		Release|x64 = Release|x64
		Release|x86 = Release|x86
	EndGlobalSection
	GlobalSection(ProjectConfigurationPlatforms) = postSolution
		{B14A48DD-19EC-40BB-BD97-14BCAB7F5010}.Debug|Any CPU.ActiveCfg = Debug|Any CPU
		{B14A48DD-19EC-40BB-BD97-14BCAB7F5010}.Debug|Any CPU.Build.0 = Debug|Any CPU
		{B14A48DD-19EC-40BB-BD97-14BCAB7F5010}.Debug|ARM.ActiveCfg = Debug|Any CPU
		{B14A48DD-19EC-40BB-BD97-14BCAB7F5010}.Debug|ARM.Build.0 = Debug|Any CPU
		{B14A48DD-19EC-40BB-BD97-14BCAB7F5010}.Debug|ARM64.ActiveCfg = Debug|Any CPU
		{B14A48DD-19EC-40BB-BD97-14BCAB7F5010}.Debug|ARM64.Build.0 = Debug|Any CPU
		{B14A48DD-19EC-40BB-BD97-14BCAB7F5010}.Debug|x64.ActiveCfg = Debug|Any CPU
		{B14A48DD-19EC-40BB-BD97-14BCAB7F5010}.Debug|x64.Build.0 = Debug|Any CPU
		{B14A48DD-19EC-40BB-BD97-14BCAB7F5010}.Debug|x86.ActiveCfg = Debug|Any CPU
		{B14A48DD-19EC-40BB-BD97-14BCAB7F5010}.Debug|x86.Build.0 = Debug|Any CPU
		{B14A48DD-19EC-40BB-BD97-14BCAB7F5010}.Release|Any CPU.ActiveCfg = Release|Any CPU
		{B14A48DD-19EC-40BB-BD97-14BCAB7F5010}.Release|Any CPU.Build.0 = Release|Any CPU
		{B14A48DD-19EC-40BB-BD97-14BCAB7F5010}.Release|ARM.ActiveCfg = Release|Any CPU
		{B14A48DD-19EC-40BB-BD97-14BCAB7F5010}.Release|ARM.Build.0 = Release|Any CPU
		{B14A48DD-19EC-40BB-BD97-14BCAB7F5010}.Release|ARM64.ActiveCfg = Release|Any CPU
		{B14A48DD-19EC-40BB-BD97-14BCAB7F5010}.Release|ARM64.Build.0 = Release|Any CPU
		{B14A48DD-19EC-40BB-BD97-14BCAB7F5010}.Release|x64.ActiveCfg = Release|Any CPU
		{B14A48DD-19EC-40BB-BD97-14BCAB7F5010}.Release|x64.Build.0 = Release|Any CPU
		{B14A48DD-19EC-40BB-BD97-14BCAB7F5010}.Release|x86.ActiveCfg = Release|Any CPU
		{B14A48DD-19EC-40BB-BD97-14BCAB7F5010}.Release|x86.Build.0 = Release|Any CPU
		{0E8D97C8-AE89-4C82-A6FA-AA25797773E0}.Debug|Any CPU.ActiveCfg = Debug|Any CPU
		{0E8D97C8-AE89-4C82-A6FA-AA25797773E0}.Debug|Any CPU.Build.0 = Debug|Any CPU
		{0E8D97C8-AE89-4C82-A6FA-AA25797773E0}.Debug|ARM.ActiveCfg = Debug|Any CPU
		{0E8D97C8-AE89-4C82-A6FA-AA25797773E0}.Debug|ARM.Build.0 = Debug|Any CPU
		{0E8D97C8-AE89-4C82-A6FA-AA25797773E0}.Debug|ARM64.ActiveCfg = Debug|Any CPU
		{0E8D97C8-AE89-4C82-A6FA-AA25797773E0}.Debug|ARM64.Build.0 = Debug|Any CPU
		{0E8D97C8-AE89-4C82-A6FA-AA25797773E0}.Debug|x64.ActiveCfg = Debug|Any CPU
		{0E8D97C8-AE89-4C82-A6FA-AA25797773E0}.Debug|x64.Build.0 = Debug|Any CPU
		{0E8D97C8-AE89-4C82-A6FA-AA25797773E0}.Debug|x86.ActiveCfg = Debug|Any CPU
		{0E8D97C8-AE89-4C82-A6FA-AA25797773E0}.Debug|x86.Build.0 = Debug|Any CPU
		{0E8D97C8-AE89-4C82-A6FA-AA25797773E0}.Release|Any CPU.ActiveCfg = Release|Any CPU
		{0E8D97C8-AE89-4C82-A6FA-AA25797773E0}.Release|Any CPU.Build.0 = Release|Any CPU
		{0E8D97C8-AE89-4C82-A6FA-AA25797773E0}.Release|ARM.ActiveCfg = Release|Any CPU
		{0E8D97C8-AE89-4C82-A6FA-AA25797773E0}.Release|ARM.Build.0 = Release|Any CPU
		{0E8D97C8-AE89-4C82-A6FA-AA25797773E0}.Release|ARM64.ActiveCfg = Release|Any CPU
		{0E8D97C8-AE89-4C82-A6FA-AA25797773E0}.Release|ARM64.Build.0 = Release|Any CPU
		{0E8D97C8-AE89-4C82-A6FA-AA25797773E0}.Release|x64.ActiveCfg = Release|Any CPU
		{0E8D97C8-AE89-4C82-A6FA-AA25797773E0}.Release|x64.Build.0 = Release|Any CPU
		{0E8D97C8-AE89-4C82-A6FA-AA25797773E0}.Release|x86.ActiveCfg = Release|Any CPU
		{0E8D97C8-AE89-4C82-A6FA-AA25797773E0}.Release|x86.Build.0 = Release|Any CPU
		{D4915467-0FB7-48E0-A107-2517D837DA26}.Debug|Any CPU.ActiveCfg = Debug|Any CPU
		{D4915467-0FB7-48E0-A107-2517D837DA26}.Debug|Any CPU.Build.0 = Debug|Any CPU
		{D4915467-0FB7-48E0-A107-2517D837DA26}.Debug|ARM.ActiveCfg = Debug|Any CPU
		{D4915467-0FB7-48E0-A107-2517D837DA26}.Debug|ARM.Build.0 = Debug|Any CPU
		{D4915467-0FB7-48E0-A107-2517D837DA26}.Debug|ARM64.ActiveCfg = Debug|Any CPU
		{D4915467-0FB7-48E0-A107-2517D837DA26}.Debug|ARM64.Build.0 = Debug|Any CPU
		{D4915467-0FB7-48E0-A107-2517D837DA26}.Debug|x64.ActiveCfg = Debug|Any CPU
		{D4915467-0FB7-48E0-A107-2517D837DA26}.Debug|x64.Build.0 = Debug|Any CPU
		{D4915467-0FB7-48E0-A107-2517D837DA26}.Debug|x86.ActiveCfg = Debug|Any CPU
		{D4915467-0FB7-48E0-A107-2517D837DA26}.Debug|x86.Build.0 = Debug|Any CPU
		{D4915467-0FB7-48E0-A107-2517D837DA26}.Release|Any CPU.ActiveCfg = Release|Any CPU
		{D4915467-0FB7-48E0-A107-2517D837DA26}.Release|Any CPU.Build.0 = Release|Any CPU
		{D4915467-0FB7-48E0-A107-2517D837DA26}.Release|ARM.ActiveCfg = Release|Any CPU
		{D4915467-0FB7-48E0-A107-2517D837DA26}.Release|ARM.Build.0 = Release|Any CPU
		{D4915467-0FB7-48E0-A107-2517D837DA26}.Release|ARM64.ActiveCfg = Release|Any CPU
		{D4915467-0FB7-48E0-A107-2517D837DA26}.Release|ARM64.Build.0 = Release|Any CPU
		{D4915467-0FB7-48E0-A107-2517D837DA26}.Release|x64.ActiveCfg = Release|Any CPU
		{D4915467-0FB7-48E0-A107-2517D837DA26}.Release|x64.Build.0 = Release|Any CPU
		{D4915467-0FB7-48E0-A107-2517D837DA26}.Release|x86.ActiveCfg = Release|Any CPU
		{D4915467-0FB7-48E0-A107-2517D837DA26}.Release|x86.Build.0 = Release|Any CPU
		{BABC645F-B508-42CD-A8DC-A7BAD1641D7A}.Debug|Any CPU.ActiveCfg = Debug|Any CPU
		{BABC645F-B508-42CD-A8DC-A7BAD1641D7A}.Debug|Any CPU.Build.0 = Debug|Any CPU
		{BABC645F-B508-42CD-A8DC-A7BAD1641D7A}.Debug|ARM.ActiveCfg = Debug|Any CPU
		{BABC645F-B508-42CD-A8DC-A7BAD1641D7A}.Debug|ARM.Build.0 = Debug|Any CPU
		{BABC645F-B508-42CD-A8DC-A7BAD1641D7A}.Debug|ARM64.ActiveCfg = Debug|Any CPU
		{BABC645F-B508-42CD-A8DC-A7BAD1641D7A}.Debug|ARM64.Build.0 = Debug|Any CPU
		{BABC645F-B508-42CD-A8DC-A7BAD1641D7A}.Debug|x64.ActiveCfg = Debug|Any CPU
		{BABC645F-B508-42CD-A8DC-A7BAD1641D7A}.Debug|x64.Build.0 = Debug|Any CPU
		{BABC645F-B508-42CD-A8DC-A7BAD1641D7A}.Debug|x86.ActiveCfg = Debug|Any CPU
		{BABC645F-B508-42CD-A8DC-A7BAD1641D7A}.Debug|x86.Build.0 = Debug|Any CPU
		{BABC645F-B508-42CD-A8DC-A7BAD1641D7A}.Release|Any CPU.ActiveCfg = Release|Any CPU
		{BABC645F-B508-42CD-A8DC-A7BAD1641D7A}.Release|Any CPU.Build.0 = Release|Any CPU
		{BABC645F-B508-42CD-A8DC-A7BAD1641D7A}.Release|ARM.ActiveCfg = Release|Any CPU
		{BABC645F-B508-42CD-A8DC-A7BAD1641D7A}.Release|ARM.Build.0 = Release|Any CPU
		{BABC645F-B508-42CD-A8DC-A7BAD1641D7A}.Release|ARM64.ActiveCfg = Release|Any CPU
		{BABC645F-B508-42CD-A8DC-A7BAD1641D7A}.Release|ARM64.Build.0 = Release|Any CPU
		{BABC645F-B508-42CD-A8DC-A7BAD1641D7A}.Release|x64.ActiveCfg = Release|Any CPU
		{BABC645F-B508-42CD-A8DC-A7BAD1641D7A}.Release|x64.Build.0 = Release|Any CPU
		{BABC645F-B508-42CD-A8DC-A7BAD1641D7A}.Release|x86.ActiveCfg = Release|Any CPU
		{BABC645F-B508-42CD-A8DC-A7BAD1641D7A}.Release|x86.Build.0 = Release|Any CPU
		{BDB4674C-22C1-4153-AF2F-7530C991FB45}.Debug|Any CPU.ActiveCfg = Debug|Any CPU
		{BDB4674C-22C1-4153-AF2F-7530C991FB45}.Debug|Any CPU.Build.0 = Debug|Any CPU
		{BDB4674C-22C1-4153-AF2F-7530C991FB45}.Debug|ARM.ActiveCfg = Debug|Any CPU
		{BDB4674C-22C1-4153-AF2F-7530C991FB45}.Debug|ARM.Build.0 = Debug|Any CPU
		{BDB4674C-22C1-4153-AF2F-7530C991FB45}.Debug|ARM64.ActiveCfg = Debug|Any CPU
		{BDB4674C-22C1-4153-AF2F-7530C991FB45}.Debug|ARM64.Build.0 = Debug|Any CPU
		{BDB4674C-22C1-4153-AF2F-7530C991FB45}.Debug|x64.ActiveCfg = Debug|Any CPU
		{BDB4674C-22C1-4153-AF2F-7530C991FB45}.Debug|x64.Build.0 = Debug|Any CPU
		{BDB4674C-22C1-4153-AF2F-7530C991FB45}.Debug|x86.ActiveCfg = Debug|Any CPU
		{BDB4674C-22C1-4153-AF2F-7530C991FB45}.Debug|x86.Build.0 = Debug|Any CPU
		{BDB4674C-22C1-4153-AF2F-7530C991FB45}.Release|Any CPU.ActiveCfg = Release|Any CPU
		{BDB4674C-22C1-4153-AF2F-7530C991FB45}.Release|Any CPU.Build.0 = Release|Any CPU
		{BDB4674C-22C1-4153-AF2F-7530C991FB45}.Release|ARM.ActiveCfg = Release|Any CPU
		{BDB4674C-22C1-4153-AF2F-7530C991FB45}.Release|ARM.Build.0 = Release|Any CPU
		{BDB4674C-22C1-4153-AF2F-7530C991FB45}.Release|ARM64.ActiveCfg = Release|Any CPU
		{BDB4674C-22C1-4153-AF2F-7530C991FB45}.Release|ARM64.Build.0 = Release|Any CPU
		{BDB4674C-22C1-4153-AF2F-7530C991FB45}.Release|x64.ActiveCfg = Release|Any CPU
		{BDB4674C-22C1-4153-AF2F-7530C991FB45}.Release|x64.Build.0 = Release|Any CPU
		{BDB4674C-22C1-4153-AF2F-7530C991FB45}.Release|x86.ActiveCfg = Release|Any CPU
		{BDB4674C-22C1-4153-AF2F-7530C991FB45}.Release|x86.Build.0 = Release|Any CPU
	EndGlobalSection
	GlobalSection(SolutionProperties) = preSolution
		HideSolutionNode = FALSE
	EndGlobalSection
	GlobalSection(NestedProjects) = preSolution
		{B14A48DD-19EC-40BB-BD97-14BCAB7F5010} = {A3DE730E-636A-4D6E-9B8A-D44E0366D900}
		{0E8D97C8-AE89-4C82-A6FA-AA25797773E0} = {A3DE730E-636A-4D6E-9B8A-D44E0366D900}
		{D4915467-0FB7-48E0-A107-2517D837DA26} = {A3DE730E-636A-4D6E-9B8A-D44E0366D900}
		{BABC645F-B508-42CD-A8DC-A7BAD1641D7A} = {AF985591-E0E6-4C10-8E05-0BEFF609D9DF}
		{BDB4674C-22C1-4153-AF2F-7530C991FB45} = {A3DE730E-636A-4D6E-9B8A-D44E0366D900}
	EndGlobalSection
	GlobalSection(ExtensibilityGlobals) = postSolution
		SolutionGuid = {4736EA6F-E779-4035-809B-6B693E88A008}
	EndGlobalSection
EndGlobal
